
Microsoft Visual Studio Solution File, Format Version 12.00
# Visual Studio Version 17
VisualStudioVersion = 17.2.32630.192
MinimumVisualStudioVersion = 10.0.40219.1
Project("{FAE04EC0-301F-11D3-BF4B-00C04F79EFBC}") = "PickLuckyBox", "PickLuckyBox\PickLuckyBox.csproj", "{9ACA9C66-883C-47C5-80C8-5E9D3DBDC9B2}"
EndProject
Global
	GlobalSection(SolutionConfigurationPlatforms) = preSolution
		Debug|Any CPU = Debug|Any CPU
		Release|Any CPU = Release|Any CPU
	EndGlobalSection
	GlobalSection(ProjectConfigurationPlatforms) = postSolution
		{9ACA9C66-883C-47C5-80C8-5E9D3DBDC9B2}.Debug|Any CPU.ActiveCfg = Debug|Any CPU
		{9ACA9C66-883C-47C5-80C8-5E9D3DBDC9B2}.Debug|Any CPU.Build.0 = Debug|Any CPU
		{9ACA9C66-883C-47C5-80C8-5E9D3DBDC9B2}.Release|Any CPU.ActiveCfg = Release|Any CPU
		{9ACA9C66-883C-47C5-80C8-5E9D3DBDC9B2}.Release|Any CPU.Build.0 = Release|Any CPU
	EndGlobalSection
	GlobalSection(SolutionProperties) = preSolution
		HideSolutionNode = FALSE
	EndGlobalSection
	GlobalSection(ExtensibilityGlobals) = postSolution
		SolutionGuid = {38431D6F-39F2-4F12-AE59-30F676694BE6}
	EndGlobalSection
EndGlobal
